{
  "name": "locationbasedchat",
  "version": "1.0.0",
  "lockfileVersion": 1,
  "requires": true,
  "dependencies": {
    "@types/strophe": {
      "version": "1.2.30",
      "resolved": "https://registry.npmjs.org/@types/strophe/-/strophe-1.2.30.tgz",
      "integrity": "sha512-NQStxF/xDl8p6BAMCD8CB5nFt/Br0lb5Wz4+52p8F2yWeNG+jNjgfxy1aSyysTq48n42uQPpPGiRz4S2Klzocw==",
      "dev": true
    },
    "strophe.js": {
      "version": "1.2.15",
      "resolved": "https://registry.npmjs.org/strophe.js/-/strophe.js-1.2.15.tgz",
      "integrity": "sha512-aM5SCLltSLKubPNil28ieJ03I+15jcVX02c1/7SBVIUWRfwfxwondRJSMJpB7OBss5b3jCNxpTqig8nXncJ5yg=="
    }
  }
}
